
Microsoft Visual Studio Solution File, Format Version 12.00
#
Project("{2150E333-8FDC-42A3-9474-1A3956D46DE8}") = "Shared", "Shared", "{9722F58A-7DFE-4236-93E3-6672D3C321C9}"
EndProject
Project("{2150E333-8FDC-42A3-9474-1A3956D46DE8}") = "_SighTools", "_SighTools", "{0E649547-782C-45BA-8FCC-C5D11080D792}"
EndProject
Project("{FAE04EC0-301F-11D3-BF4B-00C04F79EFBC}") = "mojofawad.Shared", "..\..\mojofawad\src\mojofawad.Shared\mojofawad.Shared.csproj", "{8E8B00E0-15D6-48F5-B34B-5450C1DAC92E}"
EndProject
Project("{FAE04EC0-301F-11D3-BF4B-00C04F79EFBC}") = "mojofawad.Shared.Application", "..\..\mojofawad\src\mojofawad.Shared.Application\mojofawad.Shared.Application.csproj", "{82D61370-8D8F-4501-8669-D39E0F58F57A}"
EndProject
Project("{FAE04EC0-301F-11D3-BF4B-00C04F79EFBC}") = "mojofawad.Shared.Domain", "..\..\mojofawad\src\mojofawad.Shared.Domain\mojofawad.Shared.Domain.csproj", "{1F297274-87F7-4CB6-AEDB-F2D6040635CA}"
EndProject
Project("{FAE04EC0-301F-11D3-BF4B-00C04F79EFBC}") = "mojofawad.Shared.Infrastructure", "..\..\mojofawad\src\mojofawad.Shared.Infrastructure\mojofawad.Shared.Infrastructure.csproj", "{C6FADFDD-A9CE-4202-AA2D-D9CF26811091}"
EndProject
Project("{FAE04EC0-301F-11D3-BF4B-00C04F79EFBC}") = "mojofawad.Shared.ArchTests", "..\..\mojofawad\tests\mojofawad.Shared.ArchTests\mojofawad.Shared.ArchTests.csproj", "{AAD2B825-3849-49C1-A24E-2740A46BB60A}"
EndProject
Project("{FAE04EC0-301F-11D3-BF4B-00C04F79EFBC}") = "mojofawad.Shared.IntegrationTests", "..\..\mojofawad\tests\mojofawad.Shared.IntegrationTests\mojofawad.Shared.IntegrationTests.csproj", "{235F1B5A-A01D-4C5C-BA91-FDB73DB53C92}"
EndProject
Project("{FAE04EC0-301F-11D3-BF4B-00C04F79EFBC}") = "mojofawad.Shared.UnitTests", "..\..\mojofawad\tests\mojofawad.Shared.UnitTests\mojofawad.Shared.UnitTests.csproj", "{5DBDDB6B-EF5C-4EE0-9A6D-36447863EC11}"
EndProject
Project("{2150E333-8FDC-42A3-9474-1A3956D46DE8}") = "Boundary", "Boundary", "{79E7685C-B30E-44FF-81D4-93A61498BAE8}"
EndProject
Project("{2150E333-8FDC-42A3-9474-1A3956D46DE8}") = "Tests", "Tests", "{23B22DEB-19F1-4024-BBBA-226134DA70E0}"
EndProject
Project("{2150E333-8FDC-42A3-9474-1A3956D46DE8}") = "Tests", "Tests", "{7623C36D-4975-43DB-BC93-A8B578AB06A9}"
EndProject
Project("{FAE04EC0-301F-11D3-BF4B-00C04F79EFBC}") = "SighTools.Boundary.IntegrationTests", "..\tests\SighTools.Boundary.IntegrationTests\SighTools.Boundary.IntegrationTests.csproj", "{0A409CDB-C9D5-4C3B-A28F-C1518A0E4FB1}"
EndProject
Project("{FAE04EC0-301F-11D3-BF4B-00C04F79EFBC}") = "SighTools.Boundary.UnitTests", "SighTools.Boundary.UnitTests\SighTools.Boundary.UnitTests.csproj", "{EABF3306-2CC8-4032-8DBB-33061AF0034B}"
EndProject
Project("{FAE04EC0-301F-11D3-BF4B-00C04F79EFBC}") = "SighTools.Boundary", "SighTools.Boundary\SighTools.Boundary.csproj", "{BAC8785C-9AA8-4A8B-925B-3CA30BD35B02}"
EndProject
Project("{FAE04EC0-301F-11D3-BF4B-00C04F79EFBC}") = "SighTools.Boundary.Application", "SighTools.Boundary.Application\SighTools.Boundary.Application.csproj", "{6B4EBA8D-8BD8-49A5-B2E0-DE7F35C2B15E}"
EndProject
Project("{FAE04EC0-301F-11D3-BF4B-00C04F79EFBC}") = "SighTools.Boundary.Domain", "SighTools.Boundary.Domain\SighTools.Boundary.Domain.csproj", "{010D5DCD-3C97-4AE2-926D-AE59C5150405}"
EndProject
Project("{FAE04EC0-301F-11D3-BF4B-00C04F79EFBC}") = "SighTools.Boundary.Infrastructure", "SighTools.Boundary.Infrastructure\SighTools.Boundary.Infrastructure.csproj", "{BE52CA9E-C341-4408-B76F-2AF9EA0EF1D8}"
EndProject
Global
	GlobalSection(SolutionConfigurationPlatforms) = preSolution
		Debug|Any CPU = Debug|Any CPU
		Release|Any CPU = Release|Any CPU
	EndGlobalSection
	GlobalSection(NestedProjects) = preSolution
		{8E8B00E0-15D6-48F5-B34B-5450C1DAC92E} = {9722F58A-7DFE-4236-93E3-6672D3C321C9}
		{79E7685C-B30E-44FF-81D4-93A61498BAE8} = {0E649547-782C-45BA-8FCC-C5D11080D792}
		{23B22DEB-19F1-4024-BBBA-226134DA70E0} = {79E7685C-B30E-44FF-81D4-93A61498BAE8}
		{7623C36D-4975-43DB-BC93-A8B578AB06A9} = {9722F58A-7DFE-4236-93E3-6672D3C321C9}
		{AAD2B825-3849-49C1-A24E-2740A46BB60A} = {7623C36D-4975-43DB-BC93-A8B578AB06A9}
		{235F1B5A-A01D-4C5C-BA91-FDB73DB53C92} = {7623C36D-4975-43DB-BC93-A8B578AB06A9}
		{5DBDDB6B-EF5C-4EE0-9A6D-36447863EC11} = {7623C36D-4975-43DB-BC93-A8B578AB06A9}
		{82D61370-8D8F-4501-8669-D39E0F58F57A} = {7623C36D-4975-43DB-BC93-A8B578AB06A9}
		{1F297274-87F7-4CB6-AEDB-F2D6040635CA} = {7623C36D-4975-43DB-BC93-A8B578AB06A9}
		{C6FADFDD-A9CE-4202-AA2D-D9CF26811091} = {7623C36D-4975-43DB-BC93-A8B578AB06A9}
		{0A409CDB-C9D5-4C3B-A28F-C1518A0E4FB1} = {23B22DEB-19F1-4024-BBBA-226134DA70E0}
		{EABF3306-2CC8-4032-8DBB-33061AF0034B} = {23B22DEB-19F1-4024-BBBA-226134DA70E0}
		{BAC8785C-9AA8-4A8B-925B-3CA30BD35B02} = {79E7685C-B30E-44FF-81D4-93A61498BAE8}
		{6B4EBA8D-8BD8-49A5-B2E0-DE7F35C2B15E} = {79E7685C-B30E-44FF-81D4-93A61498BAE8}
		{010D5DCD-3C97-4AE2-926D-AE59C5150405} = {79E7685C-B30E-44FF-81D4-93A61498BAE8}
		{BE52CA9E-C341-4408-B76F-2AF9EA0EF1D8} = {79E7685C-B30E-44FF-81D4-93A61498BAE8}
	EndGlobalSection
	GlobalSection(ProjectConfigurationPlatforms) = postSolution
		{8E8B00E0-15D6-48F5-B34B-5450C1DAC92E}.Debug|Any CPU.ActiveCfg = Debug|Any CPU
		{8E8B00E0-15D6-48F5-B34B-5450C1DAC92E}.Debug|Any CPU.Build.0 = Debug|Any CPU
		{8E8B00E0-15D6-48F5-B34B-5450C1DAC92E}.Release|Any CPU.ActiveCfg = Release|Any CPU
		{8E8B00E0-15D6-48F5-B34B-5450C1DAC92E}.Release|Any CPU.Build.0 = Release|Any CPU
		{82D61370-8D8F-4501-8669-D39E0F58F57A}.Debug|Any CPU.ActiveCfg = Debug|Any CPU
		{82D61370-8D8F-4501-8669-D39E0F58F57A}.Debug|Any CPU.Build.0 = Debug|Any CPU
		{82D61370-8D8F-4501-8669-D39E0F58F57A}.Release|Any CPU.ActiveCfg = Release|Any CPU
		{82D61370-8D8F-4501-8669-D39E0F58F57A}.Release|Any CPU.Build.0 = Release|Any CPU
		{1F297274-87F7-4CB6-AEDB-F2D6040635CA}.Debug|Any CPU.ActiveCfg = Debug|Any CPU
		{1F297274-87F7-4CB6-AEDB-F2D6040635CA}.Debug|Any CPU.Build.0 = Debug|Any CPU
		{1F297274-87F7-4CB6-AEDB-F2D6040635CA}.Release|Any CPU.ActiveCfg = Release|Any CPU
		{1F297274-87F7-4CB6-AEDB-F2D6040635CA}.Release|Any CPU.Build.0 = Release|Any CPU
		{C6FADFDD-A9CE-4202-AA2D-D9CF26811091}.Debug|Any CPU.ActiveCfg = Debug|Any CPU
		{C6FADFDD-A9CE-4202-AA2D-D9CF26811091}.Debug|Any CPU.Build.0 = Debug|Any CPU
		{C6FADFDD-A9CE-4202-AA2D-D9CF26811091}.Release|Any CPU.ActiveCfg = Release|Any CPU
		{C6FADFDD-A9CE-4202-AA2D-D9CF26811091}.Release|Any CPU.Build.0 = Release|Any CPU
		{AAD2B825-3849-49C1-A24E-2740A46BB60A}.Debug|Any CPU.ActiveCfg = Debug|Any CPU
		{AAD2B825-3849-49C1-A24E-2740A46BB60A}.Debug|Any CPU.Build.0 = Debug|Any CPU
		{AAD2B825-3849-49C1-A24E-2740A46BB60A}.Release|Any CPU.ActiveCfg = Release|Any CPU
		{AAD2B825-3849-49C1-A24E-2740A46BB60A}.Release|Any CPU.Build.0 = Release|Any CPU
		{235F1B5A-A01D-4C5C-BA91-FDB73DB53C92}.Debug|Any CPU.ActiveCfg = Debug|Any CPU
		{235F1B5A-A01D-4C5C-BA91-FDB73DB53C92}.Debug|Any CPU.Build.0 = Debug|Any CPU
		{235F1B5A-A01D-4C5C-BA91-FDB73DB53C92}.Release|Any CPU.ActiveCfg = Release|Any CPU
		{235F1B5A-A01D-4C5C-BA91-FDB73DB53C92}.Release|Any CPU.Build.0 = Release|Any CPU
		{5DBDDB6B-EF5C-4EE0-9A6D-36447863EC11}.Debug|Any CPU.ActiveCfg = Debug|Any CPU
		{5DBDDB6B-EF5C-4EE0-9A6D-36447863EC11}.Debug|Any CPU.Build.0 = Debug|Any CPU
		{5DBDDB6B-EF5C-4EE0-9A6D-36447863EC11}.Release|Any CPU.ActiveCfg = Release|Any CPU
		{5DBDDB6B-EF5C-4EE0-9A6D-36447863EC11}.Release|Any CPU.Build.0 = Release|Any CPU
		{0A409CDB-C9D5-4C3B-A28F-C1518A0E4FB1}.Debug|Any CPU.ActiveCfg = Debug|Any CPU
		{0A409CDB-C9D5-4C3B-A28F-C1518A0E4FB1}.Debug|Any CPU.Build.0 = Debug|Any CPU
		{0A409CDB-C9D5-4C3B-A28F-C1518A0E4FB1}.Release|Any CPU.ActiveCfg = Release|Any CPU
		{0A409CDB-C9D5-4C3B-A28F-C1518A0E4FB1}.Release|Any CPU.Build.0 = Release|Any CPU
		{EABF3306-2CC8-4032-8DBB-33061AF0034B}.Debug|Any CPU.ActiveCfg = Debug|Any CPU
		{EABF3306-2CC8-4032-8DBB-33061AF0034B}.Debug|Any CPU.Build.0 = Debug|Any CPU
		{EABF3306-2CC8-4032-8DBB-33061AF0034B}.Release|Any CPU.ActiveCfg = Release|Any CPU
		{EABF3306-2CC8-4032-8DBB-33061AF0034B}.Release|Any CPU.Build.0 = Release|Any CPU
		{BAC8785C-9AA8-4A8B-925B-3CA30BD35B02}.Debug|Any CPU.ActiveCfg = Debug|Any CPU
		{BAC8785C-9AA8-4A8B-925B-3CA30BD35B02}.Debug|Any CPU.Build.0 = Debug|Any CPU
		{BAC8785C-9AA8-4A8B-925B-3CA30BD35B02}.Release|Any CPU.ActiveCfg = Release|Any CPU
		{BAC8785C-9AA8-4A8B-925B-3CA30BD35B02}.Release|Any CPU.Build.0 = Release|Any CPU
		{6B4EBA8D-8BD8-49A5-B2E0-DE7F35C2B15E}.Debug|Any CPU.ActiveCfg = Debug|Any CPU
		{6B4EBA8D-8BD8-49A5-B2E0-DE7F35C2B15E}.Debug|Any CPU.Build.0 = Debug|Any CPU
		{6B4EBA8D-8BD8-49A5-B2E0-DE7F35C2B15E}.Release|Any CPU.ActiveCfg = Release|Any CPU
		{6B4EBA8D-8BD8-49A5-B2E0-DE7F35C2B15E}.Release|Any CPU.Build.0 = Release|Any CPU
		{010D5DCD-3C97-4AE2-926D-AE59C5150405}.Debug|Any CPU.ActiveCfg = Debug|Any CPU
		{010D5DCD-3C97-4AE2-926D-AE59C5150405}.Debug|Any CPU.Build.0 = Debug|Any CPU
		{010D5DCD-3C97-4AE2-926D-AE59C5150405}.Release|Any CPU.ActiveCfg = Release|Any CPU
		{010D5DCD-3C97-4AE2-926D-AE59C5150405}.Release|Any CPU.Build.0 = Release|Any CPU
		{BE52CA9E-C341-4408-B76F-2AF9EA0EF1D8}.Debug|Any CPU.ActiveCfg = Debug|Any CPU
		{BE52CA9E-C341-4408-B76F-2AF9EA0EF1D8}.Debug|Any CPU.Build.0 = Debug|Any CPU
		{BE52CA9E-C341-4408-B76F-2AF9EA0EF1D8}.Release|Any CPU.ActiveCfg = Release|Any CPU
		{BE52CA9E-C341-4408-B76F-2AF9EA0EF1D8}.Release|Any CPU.Build.0 = Release|Any CPU
	EndGlobalSection
EndGlobal
